{
  "name": "tenant-guard",
  "version": "0.1.0",
  "lockfileVersion": 3,
  "requires": true,
  "packages": {
    "": {
      "name": "tenant-guard",
      "version": "0.1.0",
      "license": "MIT",
      "bin": {
        "tenant-guard": "bin/tenant-guard.mjs"
      },
      "devDependencies": {
        "@electric-sql/pglite": "^0.5.5"
      },
      "engines": {
        "node": ">=18"
      },
      "peerDependencies": {
        "pg": ">=8"
      },
      "peerDependenciesMeta": {
        "pg": {
          "optional": true
        }
      }
    },
    "node_modules/@electric-sql/pglite": {
      "version": "0.5.5",
      "resolved": "https://registry.npmjs.org/@electric-sql/pglite/-/pglite-0.5.5.tgz",
      "integrity": "sha512-QeZ+oB7QaU4EJj2awrB8hwFZ5TXxLRBQ9Gfq0dQauYDdWsRtuWRCERgtri35vRfL07KQHlVlc/4Qxvn7a5AXeA==",
      "dev": true,
      "license": "Apache-2.0"
    }
  }
}
